
Microsoft Visual Studio Solution File, Format Version 12.00
# Visual Studio 15
VisualStudioVersion = 15.0.27004.2006
MinimumVisualStudioVersion = 10.0.40219.1
Project("{888888A0-9F3D-457C-B088-3A5042F75D52}") = "Bootloader", "Bootloader.pyproj", "{D7747AE7-1077-410D-B8B8-8094968C96EB}"
EndProject
Global
	GlobalSection(SolutionConfigurationPlatforms) = preSolution
		Debug|Any CPU = Debug|Any CPU
		Release|Any CPU = Release|Any CPU
	EndGlobalSection
	GlobalSection(ProjectConfigurationPlatforms) = postSolution
		{D7747AE7-1077-410D-B8B8-8094968C96EB}.Debug|Any CPU.ActiveCfg = Debug|Any CPU
		{D7747AE7-1077-410D-B8B8-8094968C96EB}.Release|Any CPU.ActiveCfg = Release|Any CPU
	EndGlobalSection
	GlobalSection(SolutionProperties) = preSolution
		HideSolutionNode = FALSE
	EndGlobalSection
	GlobalSection(ExtensibilityGlobals) = postSolution
		SolutionGuid = {812B478F-57FD-41ED-BC47-A0952A7E37F0}
	EndGlobalSection
EndGlobal
